
Microsoft Visual Studio Solution File, Format Version 12.00
# Visual Studio Version 17
VisualStudioVersion = 17.5.33414.496
MinimumVisualStudioVersion = 10.0.40219.1
Project("{FAE04EC0-301F-11D3-BF4B-00C04F79EFBC}") = "BTL", "BTL\BTL.csproj", "{C4F7E386-FB08-4AFA-BE2F-1B883F559F3E}"
EndProject
Project("{FAE04EC0-301F-11D3-BF4B-00C04F79EFBC}") = "Repository", "Repository\Repository.csproj", "{39BA0FB5-5B4B-49C0-9DD9-8EF092FA42F4}"
EndProject
Project("{FAE04EC0-301F-11D3-BF4B-00C04F79EFBC}") = "Domain", "Domain\Domain.csproj", "{A4F48B67-B19E-4D05-AE16-D86D8AE9CBB0}"
EndProject
Global
	GlobalSection(SolutionConfigurationPlatforms) = preSolution
		Debug|Any CPU = Debug|Any CPU
		Release|Any CPU = Release|Any CPU
	EndGlobalSection
	GlobalSection(ProjectConfigurationPlatforms) = postSolution
		{C4F7E386-FB08-4AFA-BE2F-1B883F559F3E}.Debug|Any CPU.ActiveCfg = Debug|Any CPU
		{C4F7E386-FB08-4AFA-BE2F-1B883F559F3E}.Debug|Any CPU.Build.0 = Debug|Any CPU
		{C4F7E386-FB08-4AFA-BE2F-1B883F559F3E}.Release|Any CPU.ActiveCfg = Release|Any CPU
		{C4F7E386-FB08-4AFA-BE2F-1B883F559F3E}.Release|Any CPU.Build.0 = Release|Any CPU
		{39BA0FB5-5B4B-49C0-9DD9-8EF092FA42F4}.Debug|Any CPU.ActiveCfg = Debug|Any CPU
		{39BA0FB5-5B4B-49C0-9DD9-8EF092FA42F4}.Debug|Any CPU.Build.0 = Debug|Any CPU
		{39BA0FB5-5B4B-49C0-9DD9-8EF092FA42F4}.Release|Any CPU.ActiveCfg = Release|Any CPU
		{39BA0FB5-5B4B-49C0-9DD9-8EF092FA42F4}.Release|Any CPU.Build.0 = Release|Any CPU
		{A4F48B67-B19E-4D05-AE16-D86D8AE9CBB0}.Debug|Any CPU.ActiveCfg = Debug|Any CPU
		{A4F48B67-B19E-4D05-AE16-D86D8AE9CBB0}.Debug|Any CPU.Build.0 = Debug|Any CPU
		{A4F48B67-B19E-4D05-AE16-D86D8AE9CBB0}.Release|Any CPU.ActiveCfg = Release|Any CPU
		{A4F48B67-B19E-4D05-AE16-D86D8AE9CBB0}.Release|Any CPU.Build.0 = Release|Any CPU
	EndGlobalSection
	GlobalSection(SolutionProperties) = preSolution
		HideSolutionNode = FALSE
	EndGlobalSection
	GlobalSection(ExtensibilityGlobals) = postSolution
		SolutionGuid = {C4739BC5-FD07-44F9-8E39-FD2DE2B77F9D}
	EndGlobalSection
EndGlobal
